// !$*UTF8*$!
{
	archiveVersion = 1;
	classes = {
	};
	objectVersion = 38;
	objects = {
		6612160001C58FBA000ABFD4 = {
			children = (
				F5CB02F60310FDAF0142A175,
				66BA08F601C46674000ABFD4,
				66170C4A01C56FD4000ABFD4,
				F597CC9702C542FF01F03BCF,
				F597CC9A02C5436801F03BCF,
			);
			isa = PBXGroup;
			name = frameworks;
			refType = 4;
		};
		66170C4A01C56FD4000ABFD4 = {
			isa = PBXFrameworkReference;
			name = OpenGL.framework;
			path = /System/Library/Frameworks/OpenGL.framework;
			refType = 0;
		};
		66170C4B01C56FD4000ABFD4 = {
			fileRef = 66170C4A01C56FD4000ABFD4;
			isa = PBXBuildFile;
			settings = {
			};
		};
		66BA088A01C46338000ABFD4 = {
			buildStyles = (
				66BA088C01C46338000ABFD4,
				66BA088D01C46338000ABFD4,
			);
			hasScannedForEncodings = 1;
			isa = PBXProject;
			mainGroup = 66BA088B01C46338000ABFD4;
			productRefGroup = 66BA088E01C4635F000ABFD4;
			projectDirPath = "";
			targets = (
				66BA089001C4635F000ABFD4,
				66BA08E801C4657A000ABFD4,
				F597CC8B02C5420F01F03BCF,
			);
		};
		66BA088B01C46338000ABFD4 = {
			children = (
				F597CC8702C541D501F03BCF,
				66BA089501C4638C000ABFD4,
				66BA08DE01C46495000ABFD4,
				6612160001C58FBA000ABFD4,
				66BA088E01C4635F000ABFD4,
			);
			isa = PBXGroup;
			refType = 4;
		};
		66BA088C01C46338000ABFD4 = {
			buildRules = (
			);
			buildSettings = {
				COPY_PHASE_STRIP = NO;
			};
			isa = PBXBuildStyle;
			name = Development;
		};
		66BA088D01C46338000ABFD4 = {
			buildRules = (
			);
			buildSettings = {
				COPY_PHASE_STRIP = YES;
				OPTIMIZATION_CFLAGS = "-O3";
				PROFILING_CODE = NO;
			};
			isa = PBXBuildStyle;
			name = Deployment;
		};
		66BA088E01C4635F000ABFD4 = {
			children = (
				66BA088F01C4635F000ABFD4,
				66BA08E701C4657A000ABFD4,
				F597CC8902C5420F01F03BCF,
			);
			isa = PBXGroup;
			name = Products;
			refType = 4;
		};
		66BA088F01C4635F000ABFD4 = {
			isa = PBXLibraryReference;
			path = libftgl.a;
			refType = 3;
		};
		66BA089001C4635F000ABFD4 = {
			buildPhases = (
				66BA089101C4635F000ABFD4,
				66BA089201C4635F000ABFD4,
				66BA089301C4635F000ABFD4,
				66BA089401C4635F000ABFD4,
			);
			buildSettings = {
				DYLIB_COMPATIBILITY_VERSION = 1;
				DYLIB_CURRENT_VERSION = 1;
				HEADER_SEARCH_PATHS = "/Users/henry/Development/PROJECTS/FTGL/ftglcvs/FTGL/test /Users/henry/Development/PROJECTS/iSpot/includes /usr/local/include/freetype2 /usr/local/include/freetype2/freetype";
				LIBRARY_STYLE = STATIC;
				OPTIMIZATION_CFLAGS = "-O1";
				OTHER_CFLAGS = "";
				OTHER_LDFLAGS = "";
				OTHER_LIBTOOL_FLAGS = "";
				OTHER_REZFLAGS = "";
				PRODUCT_NAME = libftgl.a;
				PROFILING_CODE = YES;
				REZ_EXECUTABLE = YES;
				SECTORDER_FLAGS = "";
				WARNING_CFLAGS = "-Wmost -Wno-four-char-constants -Wno-unknown-pragmas";
			};
			dependencies = (
			);
			isa = PBXLibraryTarget;
			name = libftgl.a;
			productInstallPath = /usr/local/lib;
			productName = libftgl.a;
			productReference = 66BA088F01C4635F000ABFD4;
		};
		66BA089101C4635F000ABFD4 = {
			buildActionMask = 2147483647;
			files = (
				F56BF03D031A2DEC010B7DB9,
				F56BF03F031A2E04010B7DB9,
				F58312C3038F7F440124B165,
				F58312C4038F7F450124B165,
				F58312C5038F7F460124B165,
				F58312C6038F7F460124B165,
				F58312C7038F7F470124B165,
				F58312C8038F7F480124B165,
				F58312C9038F7F490124B165,
				F58312CA038F7F490124B165,
				F58312CB038F7F4A0124B165,
				F58312CC038F7F4B0124B165,
				F58312CD038F7F4B0124B165,
				F58312CE038F7F4C0124B165,
				F58312CF038F7F4D0124B165,
				F58312D0038F7F4E0124B165,
				F58312D1038F7F500124B165,
				F58312D2038F7F510124B165,
				F58312D3038F7F520124B165,
				F58312D4038F7F520124B165,
				F58312D5038F7F530124B165,
				F58312D6038F7F540124B165,
				F58312D7038F7F550124B165,
				F532B5290394A91C01608C9F,
				F532B52D0394A92901608C9F,
				BA79CB0303A176E7002F90D7,
			);
			isa = PBXHeadersBuildPhase;
			runOnlyForDeploymentPostprocessing = 0;
		};
		66BA089201C4635F000ABFD4 = {
			buildActionMask = 2147483647;
			files = (
				66BA08BF01C4638C000ABFD4,
				66BA08C001C4638C000ABFD4,
				66BA08C101C4638C000ABFD4,
				66BA08C201C4638C000ABFD4,
				66BA08C301C4638C000ABFD4,
				66BA08C401C4638C000ABFD4,
				66BA08C501C4638C000ABFD4,
				66BA08C601C4638C000ABFD4,
				66BA08C701C4638C000ABFD4,
				66BA08C801C4638C000ABFD4,
				66BA08C901C4638C000ABFD4,
				66BA08CA01C4638C000ABFD4,
				66BA08CB01C4638C000ABFD4,
				66BA08CC01C4638C000ABFD4,
				66BA08CD01C4638C000ABFD4,
				66BA08CE01C4638C000ABFD4,
				66BA08CF01C4638C000ABFD4,
				66BA08D001C4638C000ABFD4,
				66BA08D101C4638C000ABFD4,
				66BA08D201C4638C000ABFD4,
				F532B52C0394A92901608C9F,
				F57F8A74039749B401709C0C,
				BA79CB0203A176E7002F90D7,
			);
			isa = PBXSourcesBuildPhase;
			runOnlyForDeploymentPostprocessing = 0;
		};
		66BA089301C4635F000ABFD4 = {
			buildActionMask = 2147483647;
			files = (
			);
			isa = PBXFrameworksBuildPhase;
			runOnlyForDeploymentPostprocessing = 0;
		};
		66BA089401C4635F000ABFD4 = {
			buildActionMask = 2147483647;
			files = (
			);
			isa = PBXRezBuildPhase;
			runOnlyForDeploymentPostprocessing = 0;
		};
		66BA089501C4638C000ABFD4 = {
			children = (
				F532B5280394A91C01608C9F,
				F57F8A73039749B401709C0C,
				66BA089601C4638C000ABFD4,
				66BA089701C4638C000ABFD4,
				66BA089801C4638C000ABFD4,
				66BA089901C4638C000ABFD4,
				F56BF03C031A2DEC010B7DB9,
				BA79CB0003A176E7002F90D7,
				BA79CB0103A176E7002F90D7,
				66BA089A01C4638C000ABFD4,
				66BA089B01C4638C000ABFD4,
				66BA089C01C4638C000ABFD4,
				66BA089D01C4638C000ABFD4,
				66BA089E01C4638C000ABFD4,
				66BA089F01C4638C000ABFD4,
				66BA08A001C4638C000ABFD4,
				66BA08A101C4638C000ABFD4,
				66BA08A201C4638C000ABFD4,
				66BA08A301C4638C000ABFD4,
				66BA08A401C4638C000ABFD4,
				66BA08A501C4638C000ABFD4,
				66BA08A601C4638C000ABFD4,
				66BA08A701C4638C000ABFD4,
				66BA08A801C4638C000ABFD4,
				66BA08A901C4638C000ABFD4,
				66BA08AA01C4638C000ABFD4,
				66BA08AB01C4638C000ABFD4,
				66BA08AC01C4638C000ABFD4,
				66BA08AD01C4638C000ABFD4,
				66BA08AE01C4638C000ABFD4,
				66BA08AF01C4638C000ABFD4,
				66BA08B001C4638C000ABFD4,
				66BA08B101C4638C000ABFD4,
				66BA08B201C4638C000ABFD4,
				66BA08B301C4638C000ABFD4,
				66BA08B401C4638C000ABFD4,
				66BA08B501C4638C000ABFD4,
				66BA08B601C4638C000ABFD4,
				F532B52A0394A92901608C9F,
				F532B52B0394A92901608C9F,
				66BA08B701C4638C000ABFD4,
				66BA08B801C4638C000ABFD4,
				66BA08B901C4638C000ABFD4,
				66BA08BA01C4638C000ABFD4,
				66BA08BB01C4638C000ABFD4,
				66BA08BC01C4638C000ABFD4,
				F56BF03E031A2E04010B7DB9,
				66BA08BD01C4638C000ABFD4,
				66BA08BE01C4638C000ABFD4,
			);
			isa = PBXGroup;
			name = src;
			path = ../src;
			refType = 2;
		};
		66BA089601C4638C000ABFD4 = {
			fileEncoding = 30;
			isa = PBXFileReference;
			path = FTBitmapGlyph.cpp;
			refType = 4;
		};
		66BA089701C4638C000ABFD4 = {
			fileEncoding = 30;
			isa = PBXFileReference;
			path = FTBitmapGlyph.h;
			refType = 4;
		};
		66BA089801C4638C000ABFD4 = {
			fileEncoding = 30;
			isa = PBXFileReference;
			path = FTCharmap.cpp;
			refType = 4;
		};
		66BA089901C4638C000ABFD4 = {
			fileEncoding = 30;
			isa = PBXFileReference;
			path = FTCharmap.h;
			refType = 4;
		};
		66BA089A01C4638C000ABFD4 = {
			fileEncoding = 30;
			isa = PBXFileReference;
			path = FTExtrdGlyph.cpp;
			refType = 4;
		};
		66BA089B01C4638C000ABFD4 = {
			fileEncoding = 30;
			isa = PBXFileReference;
			path = FTExtrdGlyph.h;
			refType = 4;
		};
		66BA089C01C4638C000ABFD4 = {
			fileEncoding = 30;
			isa = PBXFileReference;
			path = FTFace.cpp;
			refType = 4;
		};
		66BA089D01C4638C000ABFD4 = {
			fileEncoding = 30;
			isa = PBXFileReference;
			path = FTFace.h;
			refType = 4;
		};
		66BA089E01C4638C000ABFD4 = {
			fileEncoding = 30;
			isa = PBXFileReference;
			path = FTFont.cpp;
			refType = 4;
		};
		66BA089F01C4638C000ABFD4 = {
			fileEncoding = 30;
			isa = PBXFileReference;
			path = FTFont.h;
			refType = 4;
		};
		66BA08A001C4638C000ABFD4 = {
			fileEncoding = 30;
			isa = PBXFileReference;
			path = FTGL.h;
			refType = 4;
		};
		66BA08A101C4638C000ABFD4 = {
			fileEncoding = 30;
			isa = PBXFileReference;
			path = FTGLBitmapFont.cpp;
			refType = 4;
		};
		66BA08A201C4638C000ABFD4 = {
			fileEncoding = 30;
			isa = PBXFileReference;
			path = FTGLBitmapFont.h;
			refType = 4;
		};
		66BA08A301C4638C000ABFD4 = {
			fileEncoding = 30;
			isa = PBXFileReference;
			path = FTGLExtrdFont.cpp;
			refType = 4;
		};
		66BA08A401C4638C000ABFD4 = {
			fileEncoding = 30;
			isa = PBXFileReference;
			path = FTGLExtrdFont.h;
			refType = 4;
		};
		66BA08A501C4638C000ABFD4 = {
			fileEncoding = 30;
			isa = PBXFileReference;
			path = FTGLOutlineFont.cpp;
			refType = 4;
		};
		66BA08A601C4638C000ABFD4 = {
			fileEncoding = 30;
			isa = PBXFileReference;
			path = FTGLOutlineFont.h;
			refType = 4;
		};
		66BA08A701C4638C000ABFD4 = {
			fileEncoding = 30;
			isa = PBXFileReference;
			path = FTGLPixmapFont.cpp;
			refType = 4;
		};
		66BA08A801C4638C000ABFD4 = {
			fileEncoding = 30;
			isa = PBXFileReference;
			path = FTGLPixmapFont.h;
			refType = 4;
		};
		66BA08A901C4638C000ABFD4 = {
			fileEncoding = 30;
			isa = PBXFileReference;
			path = FTGLPolygonFont.cpp;
			refType = 4;
		};
		66BA08AA01C4638C000ABFD4 = {
			fileEncoding = 30;
			isa = PBXFileReference;
			path = FTGLPolygonFont.h;
			refType = 4;
		};
		66BA08AB01C4638C000ABFD4 = {
			fileEncoding = 30;
			isa = PBXFileReference;
			path = FTGLTextureFont.cpp;
			refType = 4;
		};
		66BA08AC01C4638C000ABFD4 = {
			fileEncoding = 30;
			isa = PBXFileReference;
			path = FTGLTextureFont.h;
			refType = 4;
		};
		66BA08AD01C4638C000ABFD4 = {
			fileEncoding = 30;
			isa = PBXFileReference;
			path = FTGlyph.cpp;
			refType = 4;
		};
		66BA08AE01C4638C000ABFD4 = {
			fileEncoding = 30;
			isa = PBXFileReference;
			path = FTGlyph.h;
			refType = 4;
		};
		66BA08AF01C4638C000ABFD4 = {
			fileEncoding = 30;
			isa = PBXFileReference;
			path = FTGlyphContainer.cpp;
			refType = 4;
		};
		66BA08B001C4638C000ABFD4 = {
			fileEncoding = 30;
			isa = PBXFileReference;
			path = FTGlyphContainer.h;
			refType = 4;
		};
		66BA08B101C4638C000ABFD4 = {
			fileEncoding = 30;
			isa = PBXFileReference;
			path = FTLibrary.cpp;
			refType = 4;
		};
		66BA08B201C4638C000ABFD4 = {
			fileEncoding = 30;
			isa = PBXFileReference;
			path = FTLibrary.h;
			refType = 4;
		};
		66BA08B301C4638C000ABFD4 = {
			fileEncoding = 30;
			isa = PBXFileReference;
			path = FTOutlineGlyph.cpp;
			refType = 4;
		};
		66BA08B401C4638C000ABFD4 = {
			fileEncoding = 30;
			isa = PBXFileReference;
			path = FTOutlineGlyph.h;
			refType = 4;
		};
		66BA08B501C4638C000ABFD4 = {
			fileEncoding = 30;
			isa = PBXFileReference;
			path = FTPixmapGlyph.cpp;
			refType = 4;
		};
		66BA08B601C4638C000ABFD4 = {
			fileEncoding = 30;
			isa = PBXFileReference;
			path = FTPixmapGlyph.h;
			refType = 4;
		};
		66BA08B701C4638C000ABFD4 = {
			fileEncoding = 30;
			isa = PBXFileReference;
			path = FTPolyGlyph.cpp;
			refType = 4;
		};
		66BA08B801C4638C000ABFD4 = {
			fileEncoding = 30;
			isa = PBXFileReference;
			path = FTPolyGlyph.h;
			refType = 4;
		};
		66BA08B901C4638C000ABFD4 = {
			fileEncoding = 30;
			isa = PBXFileReference;
			path = FTSize.cpp;
			refType = 4;
		};
		66BA08BA01C4638C000ABFD4 = {
			fileEncoding = 30;
			isa = PBXFileReference;
			path = FTSize.h;
			refType = 4;
		};
		66BA08BB01C4638C000ABFD4 = {
			fileEncoding = 30;
			isa = PBXFileReference;
			path = FTTextureGlyph.cpp;
			refType = 4;
		};
		66BA08BC01C4638C000ABFD4 = {
			fileEncoding = 30;
			isa = PBXFileReference;
			path = FTTextureGlyph.h;
			refType = 4;
		};
		66BA08BD01C4638C000ABFD4 = {
			fileEncoding = 30;
			isa = PBXFileReference;
			path = FTVectoriser.cpp;
			refType = 4;
		};
		66BA08BE01C4638C000ABFD4 = {
			fileEncoding = 30;
			isa = PBXFileReference;
			path = FTVectoriser.h;
			refType = 4;
		};
		66BA08BF01C4638C000ABFD4 = {
			fileRef = 66BA089601C4638C000ABFD4;
			isa = PBXBuildFile;
			settings = {
			};
		};
		66BA08C001C4638C000ABFD4 = {
			fileRef = 66BA089801C4638C000ABFD4;
			isa = PBXBuildFile;
			settings = {
			};
		};
		66BA08C101C4638C000ABFD4 = {
			fileRef = 66BA089A01C4638C000ABFD4;
			isa = PBXBuildFile;
			settings = {
			};
		};
		66BA08C201C4638C000ABFD4 = {
			fileRef = 66BA089C01C4638C000ABFD4;
			isa = PBXBuildFile;
			settings = {
			};
		};
		66BA08C301C4638C000ABFD4 = {
			fileRef = 66BA089E01C4638C000ABFD4;
			isa = PBXBuildFile;
			settings = {
			};
		};
		66BA08C401C4638C000ABFD4 = {
			fileRef = 66BA08A101C4638C000ABFD4;
			isa = PBXBuildFile;
			settings = {
			};
		};
		66BA08C501C4638C000ABFD4 = {
			fileRef = 66BA08A301C4638C000ABFD4;
			isa = PBXBuildFile;
			settings = {
			};
		};
		66BA08C601C4638C000ABFD4 = {
			fileRef = 66BA08A501C4638C000ABFD4;
			isa = PBXBuildFile;
			settings = {
			};
		};
		66BA08C701C4638C000ABFD4 = {
			fileRef = 66BA08A701C4638C000ABFD4;
			isa = PBXBuildFile;
			settings = {
			};
		};
		66BA08C801C4638C000ABFD4 = {
			fileRef = 66BA08A901C4638C000ABFD4;
			isa = PBXBuildFile;
			settings = {
			};
		};
		66BA08C901C4638C000ABFD4 = {
			fileRef = 66BA08AB01C4638C000ABFD4;
			isa = PBXBuildFile;
			settings = {
			};
		};
		66BA08CA01C4638C000ABFD4 = {
			fileRef = 66BA08AD01C4638C000ABFD4;
			isa = PBXBuildFile;
			settings = {
			};
		};
		66BA08CB01C4638C000ABFD4 = {
			fileRef = 66BA08AF01C4638C000ABFD4;
			isa = PBXBuildFile;
			settings = {
			};
		};
		66BA08CC01C4638C000ABFD4 = {
			fileRef = 66BA08B101C4638C000ABFD4;
			isa = PBXBuildFile;
			settings = {
			};
		};
		66BA08CD01C4638C000ABFD4 = {
			fileRef = 66BA08B301C4638C000ABFD4;
			isa = PBXBuildFile;
			settings = {
			};
		};
		66BA08CE01C4638C000ABFD4 = {
			fileRef = 66BA08B501C4638C000ABFD4;
			isa = PBXBuildFile;
			settings = {
			};
		};
		66BA08CF01C4638C000ABFD4 = {
			fileRef = 66BA08B701C4638C000ABFD4;
			isa = PBXBuildFile;
			settings = {
			};
		};
		66BA08D001C4638C000ABFD4 = {
			fileRef = 66BA08B901C4638C000ABFD4;
			isa = PBXBuildFile;
			settings = {
			};
		};
		66BA08D101C4638C000ABFD4 = {
			fileRef = 66BA08BB01C4638C000ABFD4;
			isa = PBXBuildFile;
			settings = {
			};
		};
		66BA08D201C4638C000ABFD4 = {
			fileRef = 66BA08BD01C4638C000ABFD4;
			isa = PBXBuildFile;
			settings = {
			};
		};
		66BA08DE01C46495000ABFD4 = {
			children = (
				F5D2501E021F19CD019B29E7,
				66BA08E001C46495000ABFD4,
				66BA08E101C46495000ABFD4,
				66BA08E201C46495000ABFD4,
				66BA08E301C46495000ABFD4,
			);
			isa = PBXGroup;
			name = demo;
			path = ../demo;
			refType = 2;
		};
		66BA08E001C46495000ABFD4 = {
			fileEncoding = 30;
			isa = PBXFileReference;
			path = tb.c;
			refType = 4;
		};
		66BA08E101C46495000ABFD4 = {
			fileEncoding = 30;
			isa = PBXFileReference;
			path = tb.h;
			refType = 4;
		};
		66BA08E201C46495000ABFD4 = {
			fileEncoding = 30;
			isa = PBXFileReference;
			path = trackball.c;
			refType = 4;
		};
		66BA08E301C46495000ABFD4 = {
			fileEncoding = 30;
			isa = PBXFileReference;
			path = trackball.h;
			refType = 4;
		};
		66BA08E701C4657A000ABFD4 = {
			isa = PBXApplicationReference;
			path = ftgldemo.app;
			refType = 3;
		};
		66BA08E801C4657A000ABFD4 = {
			buildPhases = (
				66BA08EA01C4657A000ABFD4,
				66BA08EB01C4657A000ABFD4,
				66BA08EC01C4657A000ABFD4,
				66BA08ED01C4657A000ABFD4,
				66BA08EE01C4657A000ABFD4,
			);
			buildSettings = {
				DEBUGGING_SYMBOLS = NO;
				FRAMEWORK_SEARCH_PATHS = "";
				HEADER_SEARCH_PATHS = "/Users/henry/Development/PROJECTS/iSpot/includes /usr/local/include/freetype2 /usr/local/include/freetype2/freetype";
				LIBRARY_SEARCH_PATHS = /Users/henry/Development/PROJECTS/iSpot/libraries;
				OPTIMIZATION_CFLAGS = "-O3";
				OTHER_REZFLAGS = "";
				PREBINDING = NO;
				PRODUCT_NAME = ftgldemo;
				SECTORDER_FLAGS = "";
				WARNING_CFLAGS = "-Wmost -Wno-four-char-constants -Wno-unknown-pragmas";
				WRAPPER_EXTENSION = app;
			};
			dependencies = (
				66BA08E901C4657A000ABFD4,
			);
			isa = PBXApplicationTarget;
			name = ftgldemo;
			productInstallPath = "$(USER_APPS_DIR)";
			productName = ftgldemo;
			productReference = 66BA08E701C4657A000ABFD4;
			productSettingsXML = "<?xml version=\"1.0\" encoding=\"UTF-8\"?>
<!DOCTYPE plist PUBLIC \"-//Apple Computer//DTD PLIST 1.0//EN\" \"http://www.apple.com/DTDs/PropertyList-1.0.dtd\">
<plist version=\"1.0\">
<dict>
	<key>CFBundleDevelopmentRegion</key>
	<string>English</string>
	<key>CFBundleExecutable</key>
	<string></string>
	<key>CFBundleGetInfoString</key>
	<string></string>
	<key>CFBundleIconFile</key>
	<string></string>
	<key>CFBundleIdentifier</key>
	<string></string>
	<key>CFBundleInfoDictionaryVersion</key>
	<string>6.0</string>
	<key>CFBundleName</key>
	<string></string>
	<key>CFBundlePackageType</key>
	<string>APPL</string>
	<key>CFBundleShortVersionString</key>
	<string></string>
	<key>CFBundleSignature</key>
	<string>????</string>
	<key>CFBundleVersion</key>
	<string>0.0.1d1</string>
</dict>
</plist>
";
		};
		66BA08E901C4657A000ABFD4 = {
			isa = PBXTargetDependency;
			target = 66BA089001C4635F000ABFD4;
		};
		66BA08EA01C4657A000ABFD4 = {
			buildActionMask = 2147483647;
			files = (
			);
			isa = PBXHeadersBuildPhase;
			runOnlyForDeploymentPostprocessing = 0;
		};
		66BA08EB01C4657A000ABFD4 = {
			buildActionMask = 2147483647;
			files = (
			);
			isa = PBXResourcesBuildPhase;
			runOnlyForDeploymentPostprocessing = 0;
		};
		66BA08EC01C4657A000ABFD4 = {
			buildActionMask = 2147483647;
			files = (
				66BA08F101C4658D000ABFD4,
				66BA08F201C4658D000ABFD4,
				F5D2501F021F19CD019B29E7,
			);
			isa = PBXSourcesBuildPhase;
			runOnlyForDeploymentPostprocessing = 0;
		};
		66BA08ED01C4657A000ABFD4 = {
			buildActionMask = 2147483647;
			files = (
				66BA08F701C46674000ABFD4,
				66170C4B01C56FD4000ABFD4,
				F500A29902C321EE0167F740,
				F597CC9802C542FF01F03BCF,
				F5D92FE00346A6E1010ABFC9,
			);
			isa = PBXFrameworksBuildPhase;
			runOnlyForDeploymentPostprocessing = 0;
		};
		66BA08EE01C4657A000ABFD4 = {
			buildActionMask = 2147483647;
			files = (
			);
			isa = PBXRezBuildPhase;
			runOnlyForDeploymentPostprocessing = 0;
		};
		66BA08F101C4658D000ABFD4 = {
			fileRef = 66BA08E001C46495000ABFD4;
			isa = PBXBuildFile;
			settings = {
			};
		};
		66BA08F201C4658D000ABFD4 = {
			fileRef = 66BA08E201C46495000ABFD4;
			isa = PBXBuildFile;
			settings = {
			};
		};
		66BA08F601C46674000ABFD4 = {
			isa = PBXFrameworkReference;
			name = GLUT.framework;
			path = /System/Library/Frameworks/GLUT.framework;
			refType = 0;
		};
		66BA08F701C46674000ABFD4 = {
			fileRef = 66BA08F601C46674000ABFD4;
			isa = PBXBuildFile;
			settings = {
			};
		};
//660
//661
//662
//663
//664
//BA0
//BA1
//BA2
//BA3
//BA4
		BA79CB0003A176E7002F90D7 = {
			fileEncoding = 30;
			isa = PBXFileReference;
			path = FTContour.cpp;
			refType = 4;
		};
		BA79CB0103A176E7002F90D7 = {
			fileEncoding = 30;
			isa = PBXFileReference;
			path = FTContour.h;
			refType = 4;
		};
		BA79CB0203A176E7002F90D7 = {
			fileRef = BA79CB0003A176E7002F90D7;
			isa = PBXBuildFile;
			settings = {
			};
		};
		BA79CB0303A176E7002F90D7 = {
			fileRef = BA79CB0103A176E7002F90D7;
			isa = PBXBuildFile;
			settings = {
			};
		};
//BA0
//BA1
//BA2
//BA3
//BA4
//F50
//F51
//F52
//F53
//F54
		F500A29902C321EE0167F740 = {
			fileRef = 66BA088F01C4635F000ABFD4;
			isa = PBXBuildFile;
			settings = {
			};
		};
		F532B5280394A91C01608C9F = {
			fileEncoding = 30;
			isa = PBXFileReference;
			path = FTBBox.h;
			refType = 4;
		};
		F532B5290394A91C01608C9F = {
			fileRef = F532B5280394A91C01608C9F;
			isa = PBXBuildFile;
			settings = {
			};
		};
		F532B52A0394A92901608C9F = {
			fileEncoding = 30;
			isa = PBXFileReference;
			path = FTPoint.cpp;
			refType = 4;
		};
		F532B52B0394A92901608C9F = {
			fileEncoding = 30;
			isa = PBXFileReference;
			path = FTPoint.h;
			refType = 4;
		};
		F532B52C0394A92901608C9F = {
			fileRef = F532B52A0394A92901608C9F;
			isa = PBXBuildFile;
			settings = {
			};
		};
		F532B52D0394A92901608C9F = {
			fileRef = F532B52B0394A92901608C9F;
			isa = PBXBuildFile;
			settings = {
			};
		};
		F56BF03C031A2DEC010B7DB9 = {
			fileEncoding = 30;
			isa = PBXFileReference;
			name = FTCharToGlyphIndexMap.h;
			path = ../src/FTCharToGlyphIndexMap.h;
			refType = 2;
		};
		F56BF03D031A2DEC010B7DB9 = {
			fileRef = F56BF03C031A2DEC010B7DB9;
			isa = PBXBuildFile;
			settings = {
			};
		};
		F56BF03E031A2E04010B7DB9 = {
			fileEncoding = 30;
			isa = PBXFileReference;
			name = FTVector.h;
			path = ../src/FTVector.h;
			refType = 2;
		};
		F56BF03F031A2E04010B7DB9 = {
			fileRef = F56BF03E031A2E04010B7DB9;
			isa = PBXBuildFile;
			settings = {
			};
		};
		F57F8A73039749B401709C0C = {
			fileEncoding = 30;
			isa = PBXFileReference;
			path = FTBBox.cpp;
			refType = 4;
		};
		F57F8A74039749B401709C0C = {
			fileRef = F57F8A73039749B401709C0C;
			isa = PBXBuildFile;
			settings = {
			};
		};
		F580402702C549A2013DAE1F = {
			fileEncoding = 30;
			isa = PBXFileReference;
			name = mmgr.cpp;
			path = ../test/mmgr.cpp;
			refType = 2;
		};
		F58312C3038F7F440124B165 = {
			fileRef = 66BA089701C4638C000ABFD4;
			isa = PBXBuildFile;
			settings = {
			};
		};
		F58312C4038F7F450124B165 = {
			fileRef = 66BA089901C4638C000ABFD4;
			isa = PBXBuildFile;
			settings = {
			};
		};
		F58312C5038F7F460124B165 = {
			fileRef = 66BA089B01C4638C000ABFD4;
			isa = PBXBuildFile;
			settings = {
			};
		};
		F58312C6038F7F460124B165 = {
			fileRef = 66BA089D01C4638C000ABFD4;
			isa = PBXBuildFile;
			settings = {
			};
		};
		F58312C7038F7F470124B165 = {
			fileRef = 66BA089F01C4638C000ABFD4;
			isa = PBXBuildFile;
			settings = {
			};
		};
		F58312C8038F7F480124B165 = {
			fileRef = 66BA08A001C4638C000ABFD4;
			isa = PBXBuildFile;
			settings = {
			};
		};
		F58312C9038F7F490124B165 = {
			fileRef = 66BA08A201C4638C000ABFD4;
			isa = PBXBuildFile;
			settings = {
			};
		};
		F58312CA038F7F490124B165 = {
			fileRef = 66BA08A401C4638C000ABFD4;
			isa = PBXBuildFile;
			settings = {
			};
		};
		F58312CB038F7F4A0124B165 = {
			fileRef = 66BA08A601C4638C000ABFD4;
			isa = PBXBuildFile;
			settings = {
			};
		};
		F58312CC038F7F4B0124B165 = {
			fileRef = 66BA08A801C4638C000ABFD4;
			isa = PBXBuildFile;
			settings = {
			};
		};
		F58312CD038F7F4B0124B165 = {
			fileRef = 66BA08AA01C4638C000ABFD4;
			isa = PBXBuildFile;
			settings = {
			};
		};
		F58312CE038F7F4C0124B165 = {
			fileRef = 66BA08AC01C4638C000ABFD4;
			isa = PBXBuildFile;
			settings = {
			};
		};
		F58312CF038F7F4D0124B165 = {
			fileRef = 66BA08AE01C4638C000ABFD4;
			isa = PBXBuildFile;
			settings = {
			};
		};
		F58312D0038F7F4E0124B165 = {
			fileRef = 66BA08B001C4638C000ABFD4;
			isa = PBXBuildFile;
			settings = {
			};
		};
		F58312D1038F7F500124B165 = {
			fileRef = 66BA08B201C4638C000ABFD4;
			isa = PBXBuildFile;
			settings = {
			};
		};
		F58312D2038F7F510124B165 = {
			fileRef = 66BA08B401C4638C000ABFD4;
			isa = PBXBuildFile;
			settings = {
			};
		};
		F58312D3038F7F520124B165 = {
			fileRef = 66BA08B601C4638C000ABFD4;
			isa = PBXBuildFile;
			settings = {
			};
		};
		F58312D4038F7F520124B165 = {
			fileRef = 66BA08B801C4638C000ABFD4;
			isa = PBXBuildFile;
			settings = {
			};
		};
		F58312D5038F7F530124B165 = {
			fileRef = 66BA08BA01C4638C000ABFD4;
			isa = PBXBuildFile;
			settings = {
			};
		};
		F58312D6038F7F540124B165 = {
			fileRef = 66BA08BC01C4638C000ABFD4;
			isa = PBXBuildFile;
			settings = {
			};
		};
		F58312D7038F7F550124B165 = {
			fileRef = 66BA08BE01C4638C000ABFD4;
			isa = PBXBuildFile;
			settings = {
			};
		};
		F597CC8702C541D501F03BCF = {
			children = (
				F580402702C549A2013DAE1F,
				F597CC8802C5420F01F03BCF,
			);
			isa = PBXGroup;
			name = test;
			refType = 4;
		};
		F597CC8802C5420F01F03BCF = {
			fileEncoding = 30;
			isa = PBXFileReference;
			name = demo.cpp;
			path = ../test/demo.cpp;
			refType = 2;
		};
		F597CC8902C5420F01F03BCF = {
			isa = PBXApplicationReference;
			path = ftglTest.app;
			refType = 3;
		};
		F597CC8B02C5420F01F03BCF = {
			buildPhases = (
				F597CC8C02C5420F01F03BCF,
				F597CC8D02C5420F01F03BCF,
				F597CC8E02C5420F01F03BCF,
				F597CC9002C5420F01F03BCF,
				F597CC9202C5420F01F03BCF,
			);
			buildSettings = {
				HEADER_SEARCH_PATHS = "/usr/local/include/freetype2 /usr/local/include";
				LIBRARY_SEARCH_PATHS = /Users/henry/Development/PROJECTS/iSpot/libraries;
				OPTIMIZATION_CFLAGS = "-O1";
				OTHER_CFLAGS = "";
				OTHER_LDFLAGS = "";
				OTHER_REZFLAGS = "";
				PREBINDING = NO;
				PRODUCT_NAME = ftglTest;
				PROFILING_CODE = YES;
				SECTORDER_FLAGS = "";
				WARNING_CFLAGS = "-Wmost -Wno-four-char-constants -Wno-unknown-pragmas";
				WRAPPER_EXTENSION = app;
			};
			dependencies = (
				F597CC9602C542DE01F03BCF,
			);
			isa = PBXApplicationTarget;
			name = ftglTest;
			productInstallPath = "$(USER_APPS_DIR)";
			productName = ftglTest;
			productReference = F597CC8902C5420F01F03BCF;
			productSettingsXML = "<?xml version=\"1.0\" encoding=\"UTF-8\"?>
<!DOCTYPE plist PUBLIC \"-//Apple Computer//DTD PLIST 1.0//EN\" \"http://www.apple.com/DTDs/PropertyList-1.0.dtd\">
<plist version=\"1.0\">
<dict>
	<key>CFBundleDevelopmentRegion</key>
	<string>English</string>
	<key>CFBundleExecutable</key>
	<string></string>
	<key>CFBundleGetInfoString</key>
	<string></string>
	<key>CFBundleIconFile</key>
	<string></string>
	<key>CFBundleIdentifier</key>
	<string></string>
	<key>CFBundleInfoDictionaryVersion</key>
	<string>6.0</string>
	<key>CFBundleName</key>
	<string></string>
	<key>CFBundlePackageType</key>
	<string>APPL</string>
	<key>CFBundleShortVersionString</key>
	<string></string>
	<key>CFBundleSignature</key>
	<string>????</string>
	<key>CFBundleVersion</key>
	<string>0.0.1d1</string>
</dict>
</plist>
";
		};
		F597CC8C02C5420F01F03BCF = {
			buildActionMask = 2147483647;
			files = (
			);
			isa = PBXHeadersBuildPhase;
			runOnlyForDeploymentPostprocessing = 0;
		};
		F597CC8D02C5420F01F03BCF = {
			buildActionMask = 2147483647;
			files = (
			);
			isa = PBXResourcesBuildPhase;
			runOnlyForDeploymentPostprocessing = 0;
		};
		F597CC8E02C5420F01F03BCF = {
			buildActionMask = 2147483647;
			files = (
				F597CC8F02C5420F01F03BCF,
			);
			isa = PBXSourcesBuildPhase;
			runOnlyForDeploymentPostprocessing = 0;
		};
		F597CC8F02C5420F01F03BCF = {
			fileRef = F597CC8802C5420F01F03BCF;
			isa = PBXBuildFile;
			settings = {
			};
		};
		F597CC9002C5420F01F03BCF = {
			buildActionMask = 2147483647;
			files = (
				F597CC9102C5420F01F03BCF,
				F597CC9402C5423B01F03BCF,
				F597CC9502C5429801F03BCF,
				F597CC9902C5430601F03BCF,
				F597CC9B02C5436801F03BCF,
				F5CB02F70310FDAF0142A175,
			);
			isa = PBXFrameworksBuildPhase;
			runOnlyForDeploymentPostprocessing = 0;
		};
		F597CC9102C5420F01F03BCF = {
			fileRef = 66BA088F01C4635F000ABFD4;
			isa = PBXBuildFile;
			settings = {
			};
		};
		F597CC9202C5420F01F03BCF = {
			buildActionMask = 2147483647;
			files = (
			);
			isa = PBXRezBuildPhase;
			runOnlyForDeploymentPostprocessing = 0;
		};
		F597CC9402C5423B01F03BCF = {
			fileRef = 66BA08F601C46674000ABFD4;
			isa = PBXBuildFile;
			settings = {
			};
		};
		F597CC9502C5429801F03BCF = {
			fileRef = 66170C4A01C56FD4000ABFD4;
			isa = PBXBuildFile;
			settings = {
			};
		};
		F597CC9602C542DE01F03BCF = {
			isa = PBXTargetDependency;
			target = 66BA089001C4635F000ABFD4;
		};
		F597CC9702C542FF01F03BCF = {
			isa = PBXFrameworkReference;
			name = Cocoa.framework;
			path = ../../../../../../../../System/Library/Frameworks/Cocoa.framework;
			refType = 2;
		};
		F597CC9802C542FF01F03BCF = {
			fileRef = F597CC9702C542FF01F03BCF;
			isa = PBXBuildFile;
			settings = {
			};
		};
		F597CC9902C5430601F03BCF = {
			fileRef = F597CC9702C542FF01F03BCF;
			isa = PBXBuildFile;
			settings = {
			};
		};
		F597CC9A02C5436801F03BCF = {
			isa = PBXFileReference;
			name = "libstdc++.a";
			path = "/usr/lib/gcc/darwin/2.95.2/libstdc++.a";
			refType = 0;
		};
		F597CC9B02C5436801F03BCF = {
			fileRef = F597CC9A02C5436801F03BCF;
			isa = PBXBuildFile;
			settings = {
			};
		};
		F5CB02F60310FDAF0142A175 = {
			isa = PBXFileReference;
			name = libfreetype.a;
			path = /Users/henry/Development/PROJECTS/iSpot/libraries/libfreetype.a;
			refType = 0;
		};
		F5CB02F70310FDAF0142A175 = {
			fileRef = F5CB02F60310FDAF0142A175;
			isa = PBXBuildFile;
			settings = {
			};
		};
		F5D2501E021F19CD019B29E7 = {
			fileEncoding = 30;
			isa = PBXFileReference;
			path = FTGLDemo.cpp;
			refType = 4;
		};
		F5D2501F021F19CD019B29E7 = {
			fileRef = F5D2501E021F19CD019B29E7;
			isa = PBXBuildFile;
			settings = {
			};
		};
		F5D92FE00346A6E1010ABFC9 = {
			fileRef = F5CB02F60310FDAF0142A175;
			isa = PBXBuildFile;
			settings = {
			};
		};
	};
	rootObject = 66BA088A01C46338000ABFD4;
}
